{
    "name": "sample-project",
    "lockfileVersion": 2,
    "requires": true,
    "packages": {
        "": {
            "name": "sample-project",
            "version": "1.0.0",
            "dependencies": {
                "express": "^4.18.2",
                "lodash": "^4.17.21",
                "axios": "^1.4.0"
            }
        },
        "node_modules/express": {
            "version": "4.18.2",
            "resolved": "https://registry.npmjs.org/express/-/express-4.18.2.tgz",
            "integrity": "sha512-...",
            "dependencies": {
                "accepts": "~1.3.8",
                "body-parser": "1.20.2",
                "debug": "2.6.9"
            }
        },
        "node_modules/lodash": {
            "version": "4.17.21",
            "resolved": "https://registry.npmjs.org/lodash/-/lodash-4.17.21.tgz",
            "integrity": "sha512-..."
        },
        "node_modules/axios": {
            "version": "1.4.0",
            "resolved": "https://registry.npmjs.org/axios/-/axios-1.4.0.tgz",
            "integrity": "sha512-...",
            "dependencies": {
                "follow-redirects": "^1.15.0"
            }
        }
    },
    "dependencies": {
        "express": {
            "version": "4.18.2",
            "resolved": "https://registry.npmjs.org/express/-/express-4.18.2.tgz",
            "integrity": "sha512-..."
        },
        "lodash": {
            "version": "4.17.21",
            "resolved": "https://registry.npmjs.org/lodash/-/lodash-4.17.21.tgz",
            "integrity": "sha512-..."
        },
        "axios": {
            "version": "1.4.0",
            "resolved": "https://registry.npmjs.org/axios/-/axios-1.4.0.tgz",
            "integrity": "sha512-..."
        }
    }
}
